PODS:
  - NewRelicAgent (7.4.5)
  - RxCocoa (6.5.0):
    - RxRelay (= 6.5.0)
    - RxSwift (= 6.5.0)
  - RxRelay (6.5.0):
    - RxSwift (= 6.5.0)
  - RxSwift (6.5.0)
  - RxWebKit (2.0.1):
    - RxCocoa (~> 6.0)
    - RxSwift (~> 6.0)

DEPENDENCIES:
  - NewRelicAgent (= 7.4.5)
  - RxWebKit (from `https://github.com/RxSwiftCommunity/RxWebKit.git`)

SPEC REPOS:
  trunk:
    - NewRelicAgent
    - RxCocoa
    - RxRelay
    - RxSwift

EXTERNAL SOURCES:
  RxWebKit:
    :git: https://github.com/RxSwiftCommunity/RxWebKit.git

CHECKOUT OPTIONS:
  RxWebKit:
    :commit: 6225dd5792fc8010d2399814c89a3683a4c87ec6
    :git: https://github.com/RxSwiftCommunity/RxWebKit.git

SPEC CHECKSUMS:
  NewRelicAgent: ac619f4d5719d2fe1f95245b77cbacd4a63a1dac
  RxCocoa: 94f817b71c07517321eb4f9ad299112ca8af743b
  RxRelay: 1de1523e604c72b6c68feadedd1af3b1b4d0ecbd
  RxSwift: 5710a9e6b17f3c3d6e40d6e559b9fa1e813b2ef8
  RxWebKit: 350129c3969a3d330d2a7343fdb8a6904edf0e49

PODFILE CHECKSUM: 582ffee8fb0b82f23bfe45724a7271143b13cc94

COCOAPODS: 1.12.1
